
Microsoft Visual Studio Solution File, Format Version 12.00
# Visual Studio Version 17
VisualStudioVersion = 17.14.36518.9 d17.14
MinimumVisualStudioVersion = 10.0.40219.1
Project("{FAE04EC0-301F-11D3-BF4B-00C04F79EFBC}") = "Practical2", "Practical2\Practical2.csproj", "{B3FFB9D3-E34E-4B3F-A2E8-183AC85BA81C}"
EndProject
Global
	GlobalSection(SolutionConfigurationPlatforms) = preSolution
		Debug|Any CPU = Debug|Any CPU
		Release|Any CPU = Release|Any CPU
	EndGlobalSection
	GlobalSection(ProjectConfigurationPlatforms) = postSolution
		{B3FFB9D3-E34E-4B3F-A2E8-183AC85BA81C}.Debug|Any CPU.ActiveCfg = Debug|Any CPU
		{B3FFB9D3-E34E-4B3F-A2E8-183AC85BA81C}.Debug|Any CPU.Build.0 = Debug|Any CPU
		{B3FFB9D3-E34E-4B3F-A2E8-183AC85BA81C}.Release|Any CPU.ActiveCfg = Release|Any CPU
		{B3FFB9D3-E34E-4B3F-A2E8-183AC85BA81C}.Release|Any CPU.Build.0 = Release|Any CPU
	EndGlobalSection
	GlobalSection(SolutionProperties) = preSolution
		HideSolutionNode = FALSE
	EndGlobalSection
	GlobalSection(ExtensibilityGlobals) = postSolution
		SolutionGuid = {D2CC59EB-91B5-459C-AC75-A1E5263F9597}
	EndGlobalSection
EndGlobal
